# THIS IS AN AUTOGENERATED FILE. DO NOT EDIT THIS FILE DIRECTLY.
# yarn lockfile v1


"@types/mocha@^10.0.1":
  version "10.0.6"
  resolved "https://registry.yarnpkg.com/@types/mocha/-/mocha-10.0.6.tgz#818551d39113081048bdddbef96701b4e8bb9d1b"
  integrity sha512-dJvrYWxP/UcXm36Qn36fxhUKu8A/xMRXVT2cliFF1Z7UA9liG5Psj3ezNSZw+5puH2czDXRLcXQxf8JbJt0ejg==
